
Microsoft Visual Studio Solution File, Format Version 12.00
# Visual Studio Version 16
VisualStudioVersion = 16.0.30503.244
MinimumVisualStudioVersion = 10.0.40219.1
Project("{FAE04EC0-301F-11D3-BF4B-00C04F79EFBC}") = "Ultimate Tic Tac Toe", "Ultimate Tic Tac Toe\Ultimate Tic Tac Toe.csproj", "{B511E630-2B05-4169-9B72-00B98A8AB3B0}"
EndProject
Global
	GlobalSection(SolutionConfigurationPlatforms) = preSolution
		Debug|Any CPU = Debug|Any CPU
		Release|Any CPU = Release|Any CPU
	EndGlobalSection
	GlobalSection(ProjectConfigurationPlatforms) = postSolution
		{B511E630-2B05-4169-9B72-00B98A8AB3B0}.Debug|Any CPU.ActiveCfg = Debug|Any CPU
		{B511E630-2B05-4169-9B72-00B98A8AB3B0}.Debug|Any CPU.Build.0 = Debug|Any CPU
		{B511E630-2B05-4169-9B72-00B98A8AB3B0}.Release|Any CPU.ActiveCfg = Release|Any CPU
		{B511E630-2B05-4169-9B72-00B98A8AB3B0}.Release|Any CPU.Build.0 = Release|Any CPU
	EndGlobalSection
	GlobalSection(SolutionProperties) = preSolution
		HideSolutionNode = FALSE
	EndGlobalSection
	GlobalSection(ExtensibilityGlobals) = postSolution
		SolutionGuid = {5FDC16E0-6273-4C33-9908-8121C88CCE32}
	EndGlobalSection
EndGlobal
